
Microsoft Visual Studio Solution File, Format Version 12.00
# Visual Studio Version 17
VisualStudioVersion = 17.2.32630.192
MinimumVisualStudioVersion = 10.0.40219.1
Project("{FAE04EC0-301F-11D3-BF4B-00C04F79EFBC}") = "Logging-HomeTask5", "Logging-HomeTask5\Logging-HomeTask5.csproj", "{14C64529-D4C2-4367-A050-36D593448354}"
EndProject
Global
	GlobalSection(SolutionConfigurationPlatforms) = preSolution
		Debug|Any CPU = Debug|Any CPU
		Release|Any CPU = Release|Any CPU
	EndGlobalSection
	GlobalSection(ProjectConfigurationPlatforms) = postSolution
		{14C64529-D4C2-4367-A050-36D593448354}.Debug|Any CPU.ActiveCfg = Debug|Any CPU
		{14C64529-D4C2-4367-A050-36D593448354}.Debug|Any CPU.Build.0 = Debug|Any CPU
		{14C64529-D4C2-4367-A050-36D593448354}.Release|Any CPU.ActiveCfg = Release|Any CPU
		{14C64529-D4C2-4367-A050-36D593448354}.Release|Any CPU.Build.0 = Release|Any CPU
	EndGlobalSection
	GlobalSection(SolutionProperties) = preSolution
		HideSolutionNode = FALSE
	EndGlobalSection
	GlobalSection(ExtensibilityGlobals) = postSolution
		SolutionGuid = {BF0AC6CA-FCEA-4156-9728-9E8D2F2618AA}
	EndGlobalSection
EndGlobal
